
Microsoft Visual Studio Solution File, Format Version 12.00
# Visual Studio Version 18
VisualStudioVersion = 18.0.11018.127
MinimumVisualStudioVersion = 10.0.40219.1
Project("{FAE04EC0-301F-11D3-BF4B-00C04F79EFBC}") = "MainWindowProgram", "MainWindow\MainWindowProgram.csproj", "{664D562A-D74A-42EB-873C-536BE2EF5E35}"
EndProject
Project("{FAE04EC0-301F-11D3-BF4B-00C04F79EFBC}") = "UI", "UI\UI.csproj", "{B04B9BF2-A722-49B1-85EF-938035C351B1}"
EndProject
Project("{2150E333-8FDC-42A3-9474-1A3956D46DE8}") = "Тесты", "Тесты", "{7844D43D-AB15-4288-8912-881384C2858F}"
EndProject
Project("{FAE04EC0-301F-11D3-BF4B-00C04F79EFBC}") = "TestConsole", "TestConsole\TestConsole.csproj", "{3AC39CE3-3D43-4C90-A0DF-63853E4369A0}"
EndProject
Project("{FAE04EC0-301F-11D3-BF4B-00C04F79EFBC}") = "TestWPF", "TestWPF\TestWPF.csproj", "{E0C15A74-21EE-4477-9D81-1C2AF2238BBB}"
EndProject
Project("{2150E333-8FDC-42A3-9474-1A3956D46DE8}") = "Solution Items", "Solution Items", "{36D591C7-65C7-A0D1-1CBC-10CDE441BDC8}"
	ProjectSection(SolutionItems) = preProject
		.editorconfig = .editorconfig
	EndProjectSection
EndProject
Project("{FAE04EC0-301F-11D3-BF4B-00C04F79EFBC}") = "ConsoleUI", "ConsoleUI\ConsoleUI.csproj", "{449C0453-99B4-4E9A-8CC3-9935F814F870}"
EndProject
Project("{FAE04EC0-301F-11D3-BF4B-00C04F79EFBC}") = "TestManyWindows", "TestManyWindows\TestManyWindows.csproj", "{61E67CB2-5372-4128-B9D7-35D459B1D940}"
EndProject
Project("{2150E333-8FDC-42A3-9474-1A3956D46DE8}") = "Элементы решения", "Элементы решения", "{754FC069-D67B-A9D7-50A1-8D1CA196D8F1}"
	ProjectSection(SolutionItems) = preProject
		Directory.Build.props = Directory.Build.props
		xresume.txt = xresume.txt
	EndProjectSection
EndProject
Project("{FAE04EC0-301F-11D3-BF4B-00C04F79EFBC}") = "Message", "Message\Message.csproj", "{2C6A71AB-CB30-444C-9F79-9F013BC46D5E}"
EndProject
Project("{FAE04EC0-301F-11D3-BF4B-00C04F79EFBC}") = "MethodDependencyExplorer", "MethodDependencyExplorer\MethodDependencyExplorer.csproj", "{94DBEE2F-EA08-4FC3-989B-135B782A5DAF}"
EndProject
Project("{FAE04EC0-301F-11D3-BF4B-00C04F79EFBC}") = "Ask.LogLib", "Ask.LogLib\Ask.LogLib.csproj", "{EABDE9C9-C42C-45B9-9FEE-633621710E79}"
EndProject
Project("{FAE04EC0-301F-11D3-BF4B-00C04F79EFBC}") = "Ask.Core", "Ask.Core\Ask.Core.csproj", "{B457A903-1C5A-A520-9B70-4AC23C3D1ED8}"
EndProject
Project("{FAE04EC0-301F-11D3-BF4B-00C04F79EFBC}") = "Ask.Engine", "Ask.Engine\Ask.Engine.csproj", "{F435E567-3093-46AC-AF6D-9387E70BE957}"
EndProject
Project("{FAE04EC0-301F-11D3-BF4B-00C04F79EFBC}") = "Ask.Support", "Ask.Support\Ask.Support.csproj", "{3E8A45B5-CB4B-4531-A7E6-E19841179680}"
EndProject
Project("{FAE04EC0-301F-11D3-BF4B-00C04F79EFBC}") = "Ask.UI", "Ask.UI\Ask.UI.csproj", "{F366D114-DC14-4896-95AB-E4507129A3DA}"
EndProject
Project("{FAE04EC0-301F-11D3-BF4B-00C04F79EFBC}") = "TestArchive", "TestArchive\TestArchive.csproj", "{B051F572-DE61-427F-A4A0-F5A438A73279}"
EndProject
Project("{FAE04EC0-301F-11D3-BF4B-00C04F79EFBC}") = "Ask.Device.Communication", "Ask.Device.Communication\Ask.Device.Communication.csproj", "{A51C127A-41F0-42E1-A310-833F43717F23}"
EndProject
Project("{FAE04EC0-301F-11D3-BF4B-00C04F79EFBC}") = "Ask.Device.Runtime", "Ask.Device.Runtime\Ask.Device.Runtime.csproj", "{9F1E85DE-253E-479E-9FC0-A60DC0954573}"
EndProject
Project("{FAE04EC0-301F-11D3-BF4B-00C04F79EFBC}") = "Ask.Device.Application", "Ask.Device.Application\Ask.Device.Application.csproj", "{892E511A-7B11-4417-9142-8E4927F0C4C5}"
EndProject
Project("{2150E333-8FDC-42A3-9474-1A3956D46DE8}") = "Device", "Device", "{BFCE173B-2714-4E3A-96E6-38FD7803B729}"
EndProject
Project("{FAE04EC0-301F-11D3-BF4B-00C04F79EFBC}") = "Ask.Engine.UnitTests", "Ask.Engine.UnitTests\Ask.Engine.UnitTests.csproj", "{9A578ACC-14C1-4ECA-8313-F35194F0CC17}"
EndProject
Project("{2150E333-8FDC-42A3-9474-1A3956D46DE8}") = "DataBase", "DataBase", "{AE6C0545-4862-4514-B1AE-6F72D2F31357}"
EndProject
Project("{FAE04EC0-301F-11D3-BF4B-00C04F79EFBC}") = "Ask.DataBase.Provider", "Ask.DataBase.Provider\Ask.DataBase.Provider.csproj", "{A50E13CE-B08F-456F-A001-8EFADCB90F3D}"
EndProject
Project("{FAE04EC0-301F-11D3-BF4B-00C04F79EFBC}") = "Ask.DataBase.Engine", "Ask.DataBase.Engine\Ask.DataBase.Engine.csproj", "{5148BED7-BFC6-41CD-96F0-D4B1EDFA0CF4}"
EndProject
Project("{FAE04EC0-301F-11D3-BF4B-00C04F79EFBC}") = "Ask.Diagnostics", "Ask.Diagnostics\Ask.Diagnostics.csproj", "{7F35F80E-2F43-4AB0-9C8E-F3F75F296D19}"
EndProject
Project("{2150E333-8FDC-42A3-9474-1A3956D46DE8}") = "Docks", "Docks", "{2DCAA57E-5643-4301-92F0-EFDBB1E598DD}"
	ProjectSection(SolutionItems) = preProject
		docs\DeviceMethodGuide.md = docs\DeviceMethodGuide.md
	EndProjectSection
EndProject
Global
	GlobalSection(SolutionConfigurationPlatforms) = preSolution
		Debug|Any CPU = Debug|Any CPU
		Debug|x64 = Debug|x64
		Debug|x86 = Debug|x86
		Release|Any CPU = Release|Any CPU
		Release|x64 = Release|x64
		Release|x86 = Release|x86
	EndGlobalSection
	GlobalSection(ProjectConfigurationPlatforms) = postSolution
		{664D562A-D74A-42EB-873C-536BE2EF5E35}.Debug|Any CPU.ActiveCfg = Debug|Any CPU
		{664D562A-D74A-42EB-873C-536BE2EF5E35}.Debug|Any CPU.Build.0 = Debug|Any CPU
		{664D562A-D74A-42EB-873C-536BE2EF5E35}.Debug|x64.ActiveCfg = Debug|Any CPU
		{664D562A-D74A-42EB-873C-536BE2EF5E35}.Debug|x64.Build.0 = Debug|Any CPU
		{664D562A-D74A-42EB-873C-536BE2EF5E35}.Debug|x86.ActiveCfg = Debug|Any CPU
		{664D562A-D74A-42EB-873C-536BE2EF5E35}.Debug|x86.Build.0 = Debug|Any CPU
		{664D562A-D74A-42EB-873C-536BE2EF5E35}.Release|Any CPU.ActiveCfg = Release|Any CPU
		{664D562A-D74A-42EB-873C-536BE2EF5E35}.Release|Any CPU.Build.0 = Release|Any CPU
		{664D562A-D74A-42EB-873C-536BE2EF5E35}.Release|x64.ActiveCfg = Release|Any CPU
		{664D562A-D74A-42EB-873C-536BE2EF5E35}.Release|x64.Build.0 = Release|Any CPU
		{664D562A-D74A-42EB-873C-536BE2EF5E35}.Release|x86.ActiveCfg = Release|Any CPU
		{664D562A-D74A-42EB-873C-536BE2EF5E35}.Release|x86.Build.0 = Release|Any CPU
		{B04B9BF2-A722-49B1-85EF-938035C351B1}.Debug|Any CPU.ActiveCfg = Debug|Any CPU
		{B04B9BF2-A722-49B1-85EF-938035C351B1}.Debug|Any CPU.Build.0 = Debug|Any CPU
		{B04B9BF2-A722-49B1-85EF-938035C351B1}.Debug|x64.ActiveCfg = Debug|Any CPU
		{B04B9BF2-A722-49B1-85EF-938035C351B1}.Debug|x64.Build.0 = Debug|Any CPU
		{B04B9BF2-A722-49B1-85EF-938035C351B1}.Debug|x86.ActiveCfg = Debug|Any CPU
		{B04B9BF2-A722-49B1-85EF-938035C351B1}.Debug|x86.Build.0 = Debug|Any CPU
		{B04B9BF2-A722-49B1-85EF-938035C351B1}.Release|Any CPU.ActiveCfg = Release|Any CPU
		{B04B9BF2-A722-49B1-85EF-938035C351B1}.Release|Any CPU.Build.0 = Release|Any CPU
		{B04B9BF2-A722-49B1-85EF-938035C351B1}.Release|x64.ActiveCfg = Release|Any CPU
		{B04B9BF2-A722-49B1-85EF-938035C351B1}.Release|x64.Build.0 = Release|Any CPU
		{B04B9BF2-A722-49B1-85EF-938035C351B1}.Release|x86.ActiveCfg = Release|Any CPU
		{B04B9BF2-A722-49B1-85EF-938035C351B1}.Release|x86.Build.0 = Release|Any CPU
		{3AC39CE3-3D43-4C90-A0DF-63853E4369A0}.Debug|Any CPU.ActiveCfg = Debug|Any CPU
		{3AC39CE3-3D43-4C90-A0DF-63853E4369A0}.Debug|Any CPU.Build.0 = Debug|Any CPU
		{3AC39CE3-3D43-4C90-A0DF-63853E4369A0}.Debug|x64.ActiveCfg = Debug|Any CPU
		{3AC39CE3-3D43-4C90-A0DF-63853E4369A0}.Debug|x64.Build.0 = Debug|Any CPU
		{3AC39CE3-3D43-4C90-A0DF-63853E4369A0}.Debug|x86.ActiveCfg = Debug|Any CPU
		{3AC39CE3-3D43-4C90-A0DF-63853E4369A0}.Debug|x86.Build.0 = Debug|Any CPU
		{3AC39CE3-3D43-4C90-A0DF-63853E4369A0}.Release|Any CPU.ActiveCfg = Release|Any CPU
		{3AC39CE3-3D43-4C90-A0DF-63853E4369A0}.Release|Any CPU.Build.0 = Release|Any CPU
		{3AC39CE3-3D43-4C90-A0DF-63853E4369A0}.Release|x64.ActiveCfg = Release|Any CPU
		{3AC39CE3-3D43-4C90-A0DF-63853E4369A0}.Release|x64.Build.0 = Release|Any CPU
		{3AC39CE3-3D43-4C90-A0DF-63853E4369A0}.Release|x86.ActiveCfg = Release|Any CPU
		{3AC39CE3-3D43-4C90-A0DF-63853E4369A0}.Release|x86.Build.0 = Release|Any CPU
		{E0C15A74-21EE-4477-9D81-1C2AF2238BBB}.Debug|Any CPU.ActiveCfg = Debug|Any CPU
		{E0C15A74-21EE-4477-9D81-1C2AF2238BBB}.Debug|Any CPU.Build.0 = Debug|Any CPU
		{E0C15A74-21EE-4477-9D81-1C2AF2238BBB}.Debug|x64.ActiveCfg = Debug|Any CPU
		{E0C15A74-21EE-4477-9D81-1C2AF2238BBB}.Debug|x64.Build.0 = Debug|Any CPU
		{E0C15A74-21EE-4477-9D81-1C2AF2238BBB}.Debug|x86.ActiveCfg = Debug|Any CPU
		{E0C15A74-21EE-4477-9D81-1C2AF2238BBB}.Debug|x86.Build.0 = Debug|Any CPU
		{E0C15A74-21EE-4477-9D81-1C2AF2238BBB}.Release|Any CPU.ActiveCfg = Release|Any CPU
		{E0C15A74-21EE-4477-9D81-1C2AF2238BBB}.Release|Any CPU.Build.0 = Release|Any CPU
		{E0C15A74-21EE-4477-9D81-1C2AF2238BBB}.Release|x64.ActiveCfg = Release|Any CPU
		{E0C15A74-21EE-4477-9D81-1C2AF2238BBB}.Release|x64.Build.0 = Release|Any CPU
		{E0C15A74-21EE-4477-9D81-1C2AF2238BBB}.Release|x86.ActiveCfg = Release|Any CPU
		{E0C15A74-21EE-4477-9D81-1C2AF2238BBB}.Release|x86.Build.0 = Release|Any CPU
		{449C0453-99B4-4E9A-8CC3-9935F814F870}.Debug|Any CPU.ActiveCfg = Debug|Any CPU
		{449C0453-99B4-4E9A-8CC3-9935F814F870}.Debug|Any CPU.Build.0 = Debug|Any CPU
		{449C0453-99B4-4E9A-8CC3-9935F814F870}.Debug|x64.ActiveCfg = Debug|Any CPU
		{449C0453-99B4-4E9A-8CC3-9935F814F870}.Debug|x64.Build.0 = Debug|Any CPU
		{449C0453-99B4-4E9A-8CC3-9935F814F870}.Debug|x86.ActiveCfg = Debug|Any CPU
		{449C0453-99B4-4E9A-8CC3-9935F814F870}.Debug|x86.Build.0 = Debug|Any CPU
		{449C0453-99B4-4E9A-8CC3-9935F814F870}.Release|Any CPU.ActiveCfg = Release|Any CPU
		{449C0453-99B4-4E9A-8CC3-9935F814F870}.Release|Any CPU.Build.0 = Release|Any CPU
		{449C0453-99B4-4E9A-8CC3-9935F814F870}.Release|x64.ActiveCfg = Release|Any CPU
		{449C0453-99B4-4E9A-8CC3-9935F814F870}.Release|x64.Build.0 = Release|Any CPU
		{449C0453-99B4-4E9A-8CC3-9935F814F870}.Release|x86.ActiveCfg = Release|Any CPU
		{449C0453-99B4-4E9A-8CC3-9935F814F870}.Release|x86.Build.0 = Release|Any CPU
		{61E67CB2-5372-4128-B9D7-35D459B1D940}.Debug|Any CPU.ActiveCfg = Debug|Any CPU
		{61E67CB2-5372-4128-B9D7-35D459B1D940}.Debug|Any CPU.Build.0 = Debug|Any CPU
		{61E67CB2-5372-4128-B9D7-35D459B1D940}.Debug|x64.ActiveCfg = Debug|Any CPU
		{61E67CB2-5372-4128-B9D7-35D459B1D940}.Debug|x64.Build.0 = Debug|Any CPU
		{61E67CB2-5372-4128-B9D7-35D459B1D940}.Debug|x86.ActiveCfg = Debug|Any CPU
		{61E67CB2-5372-4128-B9D7-35D459B1D940}.Debug|x86.Build.0 = Debug|Any CPU
		{61E67CB2-5372-4128-B9D7-35D459B1D940}.Release|Any CPU.ActiveCfg = Release|Any CPU
		{61E67CB2-5372-4128-B9D7-35D459B1D940}.Release|Any CPU.Build.0 = Release|Any CPU
		{61E67CB2-5372-4128-B9D7-35D459B1D940}.Release|x64.ActiveCfg = Release|Any CPU
		{61E67CB2-5372-4128-B9D7-35D459B1D940}.Release|x64.Build.0 = Release|Any CPU
		{61E67CB2-5372-4128-B9D7-35D459B1D940}.Release|x86.ActiveCfg = Release|Any CPU
		{61E67CB2-5372-4128-B9D7-35D459B1D940}.Release|x86.Build.0 = Release|Any CPU
		{2C6A71AB-CB30-444C-9F79-9F013BC46D5E}.Debug|Any CPU.ActiveCfg = Debug|Any CPU
		{2C6A71AB-CB30-444C-9F79-9F013BC46D5E}.Debug|Any CPU.Build.0 = Debug|Any CPU
		{2C6A71AB-CB30-444C-9F79-9F013BC46D5E}.Debug|x64.ActiveCfg = Debug|Any CPU
		{2C6A71AB-CB30-444C-9F79-9F013BC46D5E}.Debug|x64.Build.0 = Debug|Any CPU
		{2C6A71AB-CB30-444C-9F79-9F013BC46D5E}.Debug|x86.ActiveCfg = Debug|Any CPU
		{2C6A71AB-CB30-444C-9F79-9F013BC46D5E}.Debug|x86.Build.0 = Debug|Any CPU
		{2C6A71AB-CB30-444C-9F79-9F013BC46D5E}.Release|Any CPU.ActiveCfg = Release|Any CPU
		{2C6A71AB-CB30-444C-9F79-9F013BC46D5E}.Release|Any CPU.Build.0 = Release|Any CPU
		{2C6A71AB-CB30-444C-9F79-9F013BC46D5E}.Release|x64.ActiveCfg = Release|Any CPU
		{2C6A71AB-CB30-444C-9F79-9F013BC46D5E}.Release|x64.Build.0 = Release|Any CPU
		{2C6A71AB-CB30-444C-9F79-9F013BC46D5E}.Release|x86.ActiveCfg = Release|Any CPU
		{2C6A71AB-CB30-444C-9F79-9F013BC46D5E}.Release|x86.Build.0 = Release|Any CPU
		{94DBEE2F-EA08-4FC3-989B-135B782A5DAF}.Debug|Any CPU.ActiveCfg = Debug|Any CPU
		{94DBEE2F-EA08-4FC3-989B-135B782A5DAF}.Debug|Any CPU.Build.0 = Debug|Any CPU
		{94DBEE2F-EA08-4FC3-989B-135B782A5DAF}.Debug|x64.ActiveCfg = Debug|Any CPU
		{94DBEE2F-EA08-4FC3-989B-135B782A5DAF}.Debug|x64.Build.0 = Debug|Any CPU
		{94DBEE2F-EA08-4FC3-989B-135B782A5DAF}.Debug|x86.ActiveCfg = Debug|Any CPU
		{94DBEE2F-EA08-4FC3-989B-135B782A5DAF}.Debug|x86.Build.0 = Debug|Any CPU
		{94DBEE2F-EA08-4FC3-989B-135B782A5DAF}.Release|Any CPU.ActiveCfg = Release|Any CPU
		{94DBEE2F-EA08-4FC3-989B-135B782A5DAF}.Release|Any CPU.Build.0 = Release|Any CPU
		{94DBEE2F-EA08-4FC3-989B-135B782A5DAF}.Release|x64.ActiveCfg = Release|Any CPU
		{94DBEE2F-EA08-4FC3-989B-135B782A5DAF}.Release|x64.Build.0 = Release|Any CPU
		{94DBEE2F-EA08-4FC3-989B-135B782A5DAF}.Release|x86.ActiveCfg = Release|Any CPU
		{94DBEE2F-EA08-4FC3-989B-135B782A5DAF}.Release|x86.Build.0 = Release|Any CPU
		{EABDE9C9-C42C-45B9-9FEE-633621710E79}.Debug|Any CPU.ActiveCfg = Debug|Any CPU
		{EABDE9C9-C42C-45B9-9FEE-633621710E79}.Debug|Any CPU.Build.0 = Debug|Any CPU
		{EABDE9C9-C42C-45B9-9FEE-633621710E79}.Debug|x64.ActiveCfg = Debug|Any CPU
		{EABDE9C9-C42C-45B9-9FEE-633621710E79}.Debug|x64.Build.0 = Debug|Any CPU
		{EABDE9C9-C42C-45B9-9FEE-633621710E79}.Debug|x86.ActiveCfg = Debug|Any CPU
		{EABDE9C9-C42C-45B9-9FEE-633621710E79}.Debug|x86.Build.0 = Debug|Any CPU
		{EABDE9C9-C42C-45B9-9FEE-633621710E79}.Release|Any CPU.ActiveCfg = Release|Any CPU
		{EABDE9C9-C42C-45B9-9FEE-633621710E79}.Release|Any CPU.Build.0 = Release|Any CPU
		{EABDE9C9-C42C-45B9-9FEE-633621710E79}.Release|x64.ActiveCfg = Release|Any CPU
		{EABDE9C9-C42C-45B9-9FEE-633621710E79}.Release|x64.Build.0 = Release|Any CPU
		{EABDE9C9-C42C-45B9-9FEE-633621710E79}.Release|x86.ActiveCfg = Release|Any CPU
		{EABDE9C9-C42C-45B9-9FEE-633621710E79}.Release|x86.Build.0 = Release|Any CPU
		{B457A903-1C5A-A520-9B70-4AC23C3D1ED8}.Debug|Any CPU.ActiveCfg = Debug|Any CPU
		{B457A903-1C5A-A520-9B70-4AC23C3D1ED8}.Debug|Any CPU.Build.0 = Debug|Any CPU
		{B457A903-1C5A-A520-9B70-4AC23C3D1ED8}.Debug|x64.ActiveCfg = Debug|Any CPU
		{B457A903-1C5A-A520-9B70-4AC23C3D1ED8}.Debug|x64.Build.0 = Debug|Any CPU
		{B457A903-1C5A-A520-9B70-4AC23C3D1ED8}.Debug|x86.ActiveCfg = Debug|Any CPU
		{B457A903-1C5A-A520-9B70-4AC23C3D1ED8}.Debug|x86.Build.0 = Debug|Any CPU
		{B457A903-1C5A-A520-9B70-4AC23C3D1ED8}.Release|Any CPU.ActiveCfg = Release|Any CPU
		{B457A903-1C5A-A520-9B70-4AC23C3D1ED8}.Release|Any CPU.Build.0 = Release|Any CPU
		{B457A903-1C5A-A520-9B70-4AC23C3D1ED8}.Release|x64.ActiveCfg = Release|Any CPU
		{B457A903-1C5A-A520-9B70-4AC23C3D1ED8}.Release|x64.Build.0 = Release|Any CPU
		{B457A903-1C5A-A520-9B70-4AC23C3D1ED8}.Release|x86.ActiveCfg = Release|Any CPU
		{B457A903-1C5A-A520-9B70-4AC23C3D1ED8}.Release|x86.Build.0 = Release|Any CPU
		{F435E567-3093-46AC-AF6D-9387E70BE957}.Debug|Any CPU.ActiveCfg = Debug|Any CPU
		{F435E567-3093-46AC-AF6D-9387E70BE957}.Debug|Any CPU.Build.0 = Debug|Any CPU
		{F435E567-3093-46AC-AF6D-9387E70BE957}.Debug|x64.ActiveCfg = Debug|Any CPU
		{F435E567-3093-46AC-AF6D-9387E70BE957}.Debug|x64.Build.0 = Debug|Any CPU
		{F435E567-3093-46AC-AF6D-9387E70BE957}.Debug|x86.ActiveCfg = Debug|Any CPU
		{F435E567-3093-46AC-AF6D-9387E70BE957}.Debug|x86.Build.0 = Debug|Any CPU
		{F435E567-3093-46AC-AF6D-9387E70BE957}.Release|Any CPU.ActiveCfg = Release|Any CPU
		{F435E567-3093-46AC-AF6D-9387E70BE957}.Release|Any CPU.Build.0 = Release|Any CPU
		{F435E567-3093-46AC-AF6D-9387E70BE957}.Release|x64.ActiveCfg = Release|Any CPU
		{F435E567-3093-46AC-AF6D-9387E70BE957}.Release|x64.Build.0 = Release|Any CPU
		{F435E567-3093-46AC-AF6D-9387E70BE957}.Release|x86.ActiveCfg = Release|Any CPU
		{F435E567-3093-46AC-AF6D-9387E70BE957}.Release|x86.Build.0 = Release|Any CPU
		{3E8A45B5-CB4B-4531-A7E6-E19841179680}.Debug|Any CPU.ActiveCfg = Debug|Any CPU
		{3E8A45B5-CB4B-4531-A7E6-E19841179680}.Debug|Any CPU.Build.0 = Debug|Any CPU
		{3E8A45B5-CB4B-4531-A7E6-E19841179680}.Debug|x64.ActiveCfg = Debug|Any CPU
		{3E8A45B5-CB4B-4531-A7E6-E19841179680}.Debug|x64.Build.0 = Debug|Any CPU
		{3E8A45B5-CB4B-4531-A7E6-E19841179680}.Debug|x86.ActiveCfg = Debug|Any CPU
		{3E8A45B5-CB4B-4531-A7E6-E19841179680}.Debug|x86.Build.0 = Debug|Any CPU
		{3E8A45B5-CB4B-4531-A7E6-E19841179680}.Release|Any CPU.ActiveCfg = Release|Any CPU
		{3E8A45B5-CB4B-4531-A7E6-E19841179680}.Release|Any CPU.Build.0 = Release|Any CPU
		{3E8A45B5-CB4B-4531-A7E6-E19841179680}.Release|x64.ActiveCfg = Release|Any CPU
		{3E8A45B5-CB4B-4531-A7E6-E19841179680}.Release|x64.Build.0 = Release|Any CPU
		{3E8A45B5-CB4B-4531-A7E6-E19841179680}.Release|x86.ActiveCfg = Release|Any CPU
		{3E8A45B5-CB4B-4531-A7E6-E19841179680}.Release|x86.Build.0 = Release|Any CPU
		{F366D114-DC14-4896-95AB-E4507129A3DA}.Debug|Any CPU.ActiveCfg = Debug|Any CPU
		{F366D114-DC14-4896-95AB-E4507129A3DA}.Debug|Any CPU.Build.0 = Debug|Any CPU
		{F366D114-DC14-4896-95AB-E4507129A3DA}.Debug|x64.ActiveCfg = Debug|Any CPU
		{F366D114-DC14-4896-95AB-E4507129A3DA}.Debug|x64.Build.0 = Debug|Any CPU
		{F366D114-DC14-4896-95AB-E4507129A3DA}.Debug|x86.ActiveCfg = Debug|Any CPU
		{F366D114-DC14-4896-95AB-E4507129A3DA}.Debug|x86.Build.0 = Debug|Any CPU
		{F366D114-DC14-4896-95AB-E4507129A3DA}.Release|Any CPU.ActiveCfg = Release|Any CPU
		{F366D114-DC14-4896-95AB-E4507129A3DA}.Release|Any CPU.Build.0 = Release|Any CPU
		{F366D114-DC14-4896-95AB-E4507129A3DA}.Release|x64.ActiveCfg = Release|Any CPU
		{F366D114-DC14-4896-95AB-E4507129A3DA}.Release|x64.Build.0 = Release|Any CPU
		{F366D114-DC14-4896-95AB-E4507129A3DA}.Release|x86.ActiveCfg = Release|Any CPU
		{F366D114-DC14-4896-95AB-E4507129A3DA}.Release|x86.Build.0 = Release|Any CPU
		{B051F572-DE61-427F-A4A0-F5A438A73279}.Debug|Any CPU.ActiveCfg = Debug|Any CPU
		{B051F572-DE61-427F-A4A0-F5A438A73279}.Debug|Any CPU.Build.0 = Debug|Any CPU
		{B051F572-DE61-427F-A4A0-F5A438A73279}.Debug|x64.ActiveCfg = Debug|Any CPU
		{B051F572-DE61-427F-A4A0-F5A438A73279}.Debug|x64.Build.0 = Debug|Any CPU
		{B051F572-DE61-427F-A4A0-F5A438A73279}.Debug|x86.ActiveCfg = Debug|Any CPU
		{B051F572-DE61-427F-A4A0-F5A438A73279}.Debug|x86.Build.0 = Debug|Any CPU
		{B051F572-DE61-427F-A4A0-F5A438A73279}.Release|Any CPU.ActiveCfg = Release|Any CPU
		{B051F572-DE61-427F-A4A0-F5A438A73279}.Release|Any CPU.Build.0 = Release|Any CPU
		{B051F572-DE61-427F-A4A0-F5A438A73279}.Release|x64.ActiveCfg = Release|Any CPU
		{B051F572-DE61-427F-A4A0-F5A438A73279}.Release|x64.Build.0 = Release|Any CPU
		{B051F572-DE61-427F-A4A0-F5A438A73279}.Release|x86.ActiveCfg = Release|Any CPU
		{B051F572-DE61-427F-A4A0-F5A438A73279}.Release|x86.Build.0 = Release|Any CPU
		{A51C127A-41F0-42E1-A310-833F43717F23}.Debug|Any CPU.ActiveCfg = Debug|Any CPU
		{A51C127A-41F0-42E1-A310-833F43717F23}.Debug|Any CPU.Build.0 = Debug|Any CPU
		{A51C127A-41F0-42E1-A310-833F43717F23}.Debug|x64.ActiveCfg = Debug|Any CPU
		{A51C127A-41F0-42E1-A310-833F43717F23}.Debug|x64.Build.0 = Debug|Any CPU
		{A51C127A-41F0-42E1-A310-833F43717F23}.Debug|x86.ActiveCfg = Debug|Any CPU
		{A51C127A-41F0-42E1-A310-833F43717F23}.Debug|x86.Build.0 = Debug|Any CPU
		{A51C127A-41F0-42E1-A310-833F43717F23}.Release|Any CPU.ActiveCfg = Release|Any CPU
		{A51C127A-41F0-42E1-A310-833F43717F23}.Release|Any CPU.Build.0 = Release|Any CPU
		{A51C127A-41F0-42E1-A310-833F43717F23}.Release|x64.ActiveCfg = Release|Any CPU
		{A51C127A-41F0-42E1-A310-833F43717F23}.Release|x64.Build.0 = Release|Any CPU
		{A51C127A-41F0-42E1-A310-833F43717F23}.Release|x86.ActiveCfg = Release|Any CPU
		{A51C127A-41F0-42E1-A310-833F43717F23}.Release|x86.Build.0 = Release|Any CPU
		{9F1E85DE-253E-479E-9FC0-A60DC0954573}.Debug|Any CPU.ActiveCfg = Debug|Any CPU
		{9F1E85DE-253E-479E-9FC0-A60DC0954573}.Debug|Any CPU.Build.0 = Debug|Any CPU
		{9F1E85DE-253E-479E-9FC0-A60DC0954573}.Debug|x64.ActiveCfg = Debug|Any CPU
		{9F1E85DE-253E-479E-9FC0-A60DC0954573}.Debug|x64.Build.0 = Debug|Any CPU
		{9F1E85DE-253E-479E-9FC0-A60DC0954573}.Debug|x86.ActiveCfg = Debug|Any CPU
		{9F1E85DE-253E-479E-9FC0-A60DC0954573}.Debug|x86.Build.0 = Debug|Any CPU
		{9F1E85DE-253E-479E-9FC0-A60DC0954573}.Release|Any CPU.ActiveCfg = Release|Any CPU
		{9F1E85DE-253E-479E-9FC0-A60DC0954573}.Release|Any CPU.Build.0 = Release|Any CPU
		{9F1E85DE-253E-479E-9FC0-A60DC0954573}.Release|x64.ActiveCfg = Release|Any CPU
		{9F1E85DE-253E-479E-9FC0-A60DC0954573}.Release|x64.Build.0 = Release|Any CPU
		{9F1E85DE-253E-479E-9FC0-A60DC0954573}.Release|x86.ActiveCfg = Release|Any CPU
		{9F1E85DE-253E-479E-9FC0-A60DC0954573}.Release|x86.Build.0 = Release|Any CPU
		{892E511A-7B11-4417-9142-8E4927F0C4C5}.Debug|Any CPU.ActiveCfg = Debug|Any CPU
		{892E511A-7B11-4417-9142-8E4927F0C4C5}.Debug|Any CPU.Build.0 = Debug|Any CPU
		{892E511A-7B11-4417-9142-8E4927F0C4C5}.Debug|x64.ActiveCfg = Debug|Any CPU
		{892E511A-7B11-4417-9142-8E4927F0C4C5}.Debug|x64.Build.0 = Debug|Any CPU
		{892E511A-7B11-4417-9142-8E4927F0C4C5}.Debug|x86.ActiveCfg = Debug|Any CPU
		{892E511A-7B11-4417-9142-8E4927F0C4C5}.Debug|x86.Build.0 = Debug|Any CPU
		{892E511A-7B11-4417-9142-8E4927F0C4C5}.Release|Any CPU.ActiveCfg = Release|Any CPU
		{892E511A-7B11-4417-9142-8E4927F0C4C5}.Release|Any CPU.Build.0 = Release|Any CPU
		{892E511A-7B11-4417-9142-8E4927F0C4C5}.Release|x64.ActiveCfg = Release|Any CPU
		{892E511A-7B11-4417-9142-8E4927F0C4C5}.Release|x64.Build.0 = Release|Any CPU
		{892E511A-7B11-4417-9142-8E4927F0C4C5}.Release|x86.ActiveCfg = Release|Any CPU
		{892E511A-7B11-4417-9142-8E4927F0C4C5}.Release|x86.Build.0 = Release|Any CPU
		{9A578ACC-14C1-4ECA-8313-F35194F0CC17}.Debug|Any CPU.ActiveCfg = Debug|Any CPU
		{9A578ACC-14C1-4ECA-8313-F35194F0CC17}.Debug|Any CPU.Build.0 = Debug|Any CPU
		{9A578ACC-14C1-4ECA-8313-F35194F0CC17}.Debug|x64.ActiveCfg = Debug|Any CPU
		{9A578ACC-14C1-4ECA-8313-F35194F0CC17}.Debug|x64.Build.0 = Debug|Any CPU
		{9A578ACC-14C1-4ECA-8313-F35194F0CC17}.Debug|x86.ActiveCfg = Debug|Any CPU
		{9A578ACC-14C1-4ECA-8313-F35194F0CC17}.Debug|x86.Build.0 = Debug|Any CPU
		{9A578ACC-14C1-4ECA-8313-F35194F0CC17}.Release|Any CPU.ActiveCfg = Release|Any CPU
		{9A578ACC-14C1-4ECA-8313-F35194F0CC17}.Release|Any CPU.Build.0 = Release|Any CPU
		{9A578ACC-14C1-4ECA-8313-F35194F0CC17}.Release|x64.ActiveCfg = Release|Any CPU
		{9A578ACC-14C1-4ECA-8313-F35194F0CC17}.Release|x64.Build.0 = Release|Any CPU
		{9A578ACC-14C1-4ECA-8313-F35194F0CC17}.Release|x86.ActiveCfg = Release|Any CPU
		{9A578ACC-14C1-4ECA-8313-F35194F0CC17}.Release|x86.Build.0 = Release|Any CPU
		{A50E13CE-B08F-456F-A001-8EFADCB90F3D}.Debug|Any CPU.ActiveCfg = Debug|Any CPU
		{A50E13CE-B08F-456F-A001-8EFADCB90F3D}.Debug|Any CPU.Build.0 = Debug|Any CPU
		{A50E13CE-B08F-456F-A001-8EFADCB90F3D}.Debug|x64.ActiveCfg = Debug|Any CPU
		{A50E13CE-B08F-456F-A001-8EFADCB90F3D}.Debug|x64.Build.0 = Debug|Any CPU
		{A50E13CE-B08F-456F-A001-8EFADCB90F3D}.Debug|x86.ActiveCfg = Debug|Any CPU
		{A50E13CE-B08F-456F-A001-8EFADCB90F3D}.Debug|x86.Build.0 = Debug|Any CPU
		{A50E13CE-B08F-456F-A001-8EFADCB90F3D}.Release|Any CPU.ActiveCfg = Release|Any CPU
		{A50E13CE-B08F-456F-A001-8EFADCB90F3D}.Release|Any CPU.Build.0 = Release|Any CPU
		{A50E13CE-B08F-456F-A001-8EFADCB90F3D}.Release|x64.ActiveCfg = Release|Any CPU
		{A50E13CE-B08F-456F-A001-8EFADCB90F3D}.Release|x64.Build.0 = Release|Any CPU
		{A50E13CE-B08F-456F-A001-8EFADCB90F3D}.Release|x86.ActiveCfg = Release|Any CPU
		{A50E13CE-B08F-456F-A001-8EFADCB90F3D}.Release|x86.Build.0 = Release|Any CPU
		{5148BED7-BFC6-41CD-96F0-D4B1EDFA0CF4}.Debug|Any CPU.ActiveCfg = Debug|Any CPU
		{5148BED7-BFC6-41CD-96F0-D4B1EDFA0CF4}.Debug|Any CPU.Build.0 = Debug|Any CPU
		{5148BED7-BFC6-41CD-96F0-D4B1EDFA0CF4}.Debug|x64.ActiveCfg = Debug|Any CPU
		{5148BED7-BFC6-41CD-96F0-D4B1EDFA0CF4}.Debug|x64.Build.0 = Debug|Any CPU
		{5148BED7-BFC6-41CD-96F0-D4B1EDFA0CF4}.Debug|x86.ActiveCfg = Debug|Any CPU
		{5148BED7-BFC6-41CD-96F0-D4B1EDFA0CF4}.Debug|x86.Build.0 = Debug|Any CPU
		{5148BED7-BFC6-41CD-96F0-D4B1EDFA0CF4}.Release|Any CPU.ActiveCfg = Release|Any CPU
		{5148BED7-BFC6-41CD-96F0-D4B1EDFA0CF4}.Release|Any CPU.Build.0 = Release|Any CPU
		{5148BED7-BFC6-41CD-96F0-D4B1EDFA0CF4}.Release|x64.ActiveCfg = Release|Any CPU
		{5148BED7-BFC6-41CD-96F0-D4B1EDFA0CF4}.Release|x64.Build.0 = Release|Any CPU
		{5148BED7-BFC6-41CD-96F0-D4B1EDFA0CF4}.Release|x86.ActiveCfg = Release|Any CPU
		{5148BED7-BFC6-41CD-96F0-D4B1EDFA0CF4}.Release|x86.Build.0 = Release|Any CPU
		{7F35F80E-2F43-4AB0-9C8E-F3F75F296D19}.Debug|Any CPU.ActiveCfg = Debug|Any CPU
		{7F35F80E-2F43-4AB0-9C8E-F3F75F296D19}.Debug|Any CPU.Build.0 = Debug|Any CPU
		{7F35F80E-2F43-4AB0-9C8E-F3F75F296D19}.Debug|x64.ActiveCfg = Debug|Any CPU
		{7F35F80E-2F43-4AB0-9C8E-F3F75F296D19}.Debug|x64.Build.0 = Debug|Any CPU
		{7F35F80E-2F43-4AB0-9C8E-F3F75F296D19}.Debug|x86.ActiveCfg = Debug|Any CPU
		{7F35F80E-2F43-4AB0-9C8E-F3F75F296D19}.Debug|x86.Build.0 = Debug|Any CPU
		{7F35F80E-2F43-4AB0-9C8E-F3F75F296D19}.Release|Any CPU.ActiveCfg = Release|Any CPU
		{7F35F80E-2F43-4AB0-9C8E-F3F75F296D19}.Release|Any CPU.Build.0 = Release|Any CPU
		{7F35F80E-2F43-4AB0-9C8E-F3F75F296D19}.Release|x64.ActiveCfg = Release|Any CPU
		{7F35F80E-2F43-4AB0-9C8E-F3F75F296D19}.Release|x64.Build.0 = Release|Any CPU
		{7F35F80E-2F43-4AB0-9C8E-F3F75F296D19}.Release|x86.ActiveCfg = Release|Any CPU
		{7F35F80E-2F43-4AB0-9C8E-F3F75F296D19}.Release|x86.Build.0 = Release|Any CPU
	EndGlobalSection
	GlobalSection(SolutionProperties) = preSolution
		HideSolutionNode = FALSE
	EndGlobalSection
	GlobalSection(NestedProjects) = preSolution
		{3AC39CE3-3D43-4C90-A0DF-63853E4369A0} = {7844D43D-AB15-4288-8912-881384C2858F}
		{E0C15A74-21EE-4477-9D81-1C2AF2238BBB} = {7844D43D-AB15-4288-8912-881384C2858F}
		{61E67CB2-5372-4128-B9D7-35D459B1D940} = {7844D43D-AB15-4288-8912-881384C2858F}
		{94DBEE2F-EA08-4FC3-989B-135B782A5DAF} = {7844D43D-AB15-4288-8912-881384C2858F}
		{B051F572-DE61-427F-A4A0-F5A438A73279} = {7844D43D-AB15-4288-8912-881384C2858F}
		{A51C127A-41F0-42E1-A310-833F43717F23} = {BFCE173B-2714-4E3A-96E6-38FD7803B729}
		{9F1E85DE-253E-479E-9FC0-A60DC0954573} = {BFCE173B-2714-4E3A-96E6-38FD7803B729}
		{892E511A-7B11-4417-9142-8E4927F0C4C5} = {BFCE173B-2714-4E3A-96E6-38FD7803B729}
		{A50E13CE-B08F-456F-A001-8EFADCB90F3D} = {AE6C0545-4862-4514-B1AE-6F72D2F31357}
		{5148BED7-BFC6-41CD-96F0-D4B1EDFA0CF4} = {AE6C0545-4862-4514-B1AE-6F72D2F31357}
	EndGlobalSection
	GlobalSection(ExtensibilityGlobals) = postSolution
		SolutionGuid = {1BD86333-977E-498D-85E7-5B4A296991F9}
	EndGlobalSection
EndGlobal
